// !$*UTF8*$!
{
	archiveVersion = 1;
	classes = {
	};
	objectVersion = 50;
	objects = {

/* Begin PBXBuildFile section */
		291BD5D62183C57B00F0B3FA /* main.cpp in Sources */ = {isa = PBXBuildFile; fileRef = 291BD5D52183C57B00F0B3FA /* main.cpp */; };
		291BD5DE2183C86400F0B3FA /* libformw.6.dylib in Frameworks */ = {isa = PBXBuildFile; fileRef = 291BD5DD2183C86400F0B3FA /* libformw.6.dylib */; };
		291BD5E02183C97D00F0B3FA /* libmenuw.6.dylib in Frameworks */ = {isa = PBXBuildFile; fileRef = 291BD5DF2183C97D00F0B3FA /* libmenuw.6.dylib */; };
		291BD5E32183C99700F0B3FA /* libncursesw.6.dylib in Frameworks */ = {isa = PBXBuildFile; fileRef = 291BD5E12183C99700F0B3FA /* libncursesw.6.dylib */; };
		291BD5E42183C99700F0B3FA /* libpanelw.6.dylib in Frameworks */ = {isa = PBXBuildFile; fileRef = 291BD5E22183C99700F0B3FA /* libpanelw.6.dylib */; };
		291BD5E72183EEDE00F0B3FA /* World.cpp in Sources */ = {isa = PBXBuildFile; fileRef = 291BD5E52183EEDE00F0B3FA /* World.cpp */; };
		291BD5E92183F63C00F0B3FA /* Icon.cpp in Sources */ = {isa = PBXBuildFile; fileRef = 291BD5E82183F63C00F0B3FA /* Icon.cpp */; };
		291BD5EC21840D7F00F0B3FA /* GameController.cpp in Sources */ = {isa = PBXBuildFile; fileRef = 291BD5EB21840D7F00F0B3FA /* GameController.cpp */; };
		297C1EB021844A350066176A /* Tile.cpp in Sources */ = {isa = PBXBuildFile; fileRef = 297C1EAE21844A350066176A /* Tile.cpp */; };
		297C1EB221844A9C0066176A /* Coord.cpp in Sources */ = {isa = PBXBuildFile; fileRef = 297C1EB121844A9C0066176A /* Coord.cpp */; };
		297C1EB421844ADB0066176A /* Scene.cpp in Sources */ = {isa = PBXBuildFile; fileRef = 297C1EB321844ADB0066176A /* Scene.cpp */; };
		297C1EB621844B270066176A /* WorldView.cpp in Sources */ = {isa = PBXBuildFile; fileRef = 297C1EB521844B270066176A /* WorldView.cpp */; };
		297C1EB8218457D60066176A /* WorldManager.cpp in Sources */ = {isa = PBXBuildFile; fileRef = 297C1EB7218457D60066176A /* WorldManager.cpp */; };
		297C1EBE218460590066176A /* InspectorView.cpp in Sources */ = {isa = PBXBuildFile; fileRef = 297C1EBD218460590066176A /* InspectorView.cpp */; };
/* End PBXBuildFile section */

/* Begin PBXCopyFilesBuildPhase section */
		291BD5D02183C57B00F0B3FA /* CopyFiles */ = {
			isa = PBXCopyFilesBuildPhase;
			buildActionMask = 2147483647;
			dstPath = /usr/share/man/man1/;
			dstSubfolderSpec = 0;
			files = (
			);
			runOnlyForDeploymentPostprocessing = 1;
		};
/* End PBXCopyFilesBuildPhase section */

/* Begin PBXFileReference section */
		291BD5D22183C57B00F0B3FA /* civvy */ = {isa = PBXFileReference; explicitFileType = "compiled.mach-o.executable"; includeInIndex = 0; path = civvy; sourceTree = BUILT_PRODUCTS_DIR; };
		291BD5D52183C57B00F0B3FA /* main.cpp */ = {isa = PBXFileReference; lastKnownFileType = sourcecode.cpp.cpp; path = main.cpp; sourceTree = "<group>"; };
		291BD5DD2183C86400F0B3FA /* libformw.6.dylib */ = {isa = PBXFileReference; lastKnownFileType = "compiled.mach-o.dylib"; name = libformw.6.dylib; path = ../../../../../usr/local/Cellar/ncurses/6.1/lib/libformw.6.dylib; sourceTree = "<group>"; };
		291BD5DF2183C97D00F0B3FA /* libmenuw.6.dylib */ = {isa = PBXFileReference; lastKnownFileType = "compiled.mach-o.dylib"; name = libmenuw.6.dylib; path = ../../../../../usr/local/Cellar/ncurses/6.1/lib/libmenuw.6.dylib; sourceTree = "<group>"; };
		291BD5E12183C99700F0B3FA /* libncursesw.6.dylib */ = {isa = PBXFileReference; lastKnownFileType = "compiled.mach-o.dylib"; name = libncursesw.6.dylib; path = ../../../../../usr/local/Cellar/ncurses/6.1/lib/libncursesw.6.dylib; sourceTree = "<group>"; };
		291BD5E22183C99700F0B3FA /* libpanelw.6.dylib */ = {isa = PBXFileReference; lastKnownFileType = "compiled.mach-o.dylib"; name = libpanelw.6.dylib; path = ../../../../../usr/local/Cellar/ncurses/6.1/lib/libpanelw.6.dylib; sourceTree = "<group>"; };
		291BD5E52183EEDE00F0B3FA /* World.cpp */ = {isa = PBXFileReference; lastKnownFileType = sourcecode.cpp.cpp; path = World.cpp; sourceTree = "<group>"; };
		291BD5E82183F63C00F0B3FA /* Icon.cpp */ = {isa = PBXFileReference; lastKnownFileType = sourcecode.cpp.cpp; path = Icon.cpp; sourceTree = "<group>"; };
		291BD5EA2183F85400F0B3FA /* Civvy.hpp */ = {isa = PBXFileReference; lastKnownFileType = sourcecode.cpp.h; path = Civvy.hpp; sourceTree = "<group>"; };
		291BD5EB21840D7F00F0B3FA /* GameController.cpp */ = {isa = PBXFileReference; lastKnownFileType = sourcecode.cpp.cpp; path = GameController.cpp; sourceTree = "<group>"; };
		297C1EAE21844A350066176A /* Tile.cpp */ = {isa = PBXFileReference; lastKnownFileType = sourcecode.cpp.cpp; path = Tile.cpp; sourceTree = "<group>"; };
		297C1EB121844A9C0066176A /* Coord.cpp */ = {isa = PBXFileReference; lastKnownFileType = sourcecode.cpp.cpp; path = Coord.cpp; sourceTree = "<group>"; };
		297C1EB321844ADB0066176A /* Scene.cpp */ = {isa = PBXFileReference; lastKnownFileType = sourcecode.cpp.cpp; path = Scene.cpp; sourceTree = "<group>"; };
		297C1EB521844B270066176A /* WorldView.cpp */ = {isa = PBXFileReference; lastKnownFileType = sourcecode.cpp.cpp; path = WorldView.cpp; sourceTree = "<group>"; };
		297C1EB7218457D60066176A /* WorldManager.cpp */ = {isa = PBXFileReference; lastKnownFileType = sourcecode.cpp.cpp; path = WorldManager.cpp; sourceTree = "<group>"; };
		297C1EBD218460590066176A /* InspectorView.cpp */ = {isa = PBXFileReference; lastKnownFileType = sourcecode.cpp.cpp; path = InspectorView.cpp; sourceTree = "<group>"; };
		29FB9F5D21842B06004B209A /* PerlinNoise.hpp */ = {isa = PBXFileReference; lastKnownFileType = sourcecode.cpp.h; path = PerlinNoise.hpp; sourceTree = "<group>"; };
/* End PBXFileReference section */

/* Begin PBXFrameworksBuildPhase section */
		291BD5CF2183C57B00F0B3FA /* Frameworks */ = {
			isa = PBXFrameworksBuildPhase;
			buildActionMask = 2147483647;
			files = (
				291BD5E32183C99700F0B3FA /* libncursesw.6.dylib in Frameworks */,
				291BD5E42183C99700F0B3FA /* libpanelw.6.dylib in Frameworks */,
				291BD5E02183C97D00F0B3FA /* libmenuw.6.dylib in Frameworks */,
				291BD5DE2183C86400F0B3FA /* libformw.6.dylib in Frameworks */,
			);
			runOnlyForDeploymentPostprocessing = 0;
		};
/* End PBXFrameworksBuildPhase section */

/* Begin PBXGroup section */
		291BD5C92183C57B00F0B3FA = {
			isa = PBXGroup;
			children = (
				291BD5D42183C57B00F0B3FA /* civvy */,
				291BD5D32183C57B00F0B3FA /* Products */,
				291BD5DC2183C86400F0B3FA /* Frameworks */,
			);
			sourceTree = "<group>";
		};
		291BD5D32183C57B00F0B3FA /* Products */ = {
			isa = PBXGroup;
			children = (
				291BD5D22183C57B00F0B3FA /* civvy */,
			);
			name = Products;
			sourceTree = "<group>";
		};
		291BD5D42183C57B00F0B3FA /* civvy */ = {
			isa = PBXGroup;
			children = (
				291BD5D52183C57B00F0B3FA /* main.cpp */,
				297C1EBC21845F5F0066176A /* Core */,
				297C1EBB21845F510066176A /* Scene */,
				297C1EBA21845F2C0066176A /* Render */,
				297C1EB921845F180066176A /* World */,
			);
			path = civvy;
			sourceTree = "<group>";
		};
		291BD5DC2183C86400F0B3FA /* Frameworks */ = {
			isa = PBXGroup;
			children = (
				291BD5E12183C99700F0B3FA /* libncursesw.6.dylib */,
				291BD5E22183C99700F0B3FA /* libpanelw.6.dylib */,
				291BD5DF2183C97D00F0B3FA /* libmenuw.6.dylib */,
				291BD5DD2183C86400F0B3FA /* libformw.6.dylib */,
			);
			name = Frameworks;
			sourceTree = "<group>";
		};
		297C1EB921845F180066176A /* World */ = {
			isa = PBXGroup;
			children = (
				297C1EB7218457D60066176A /* WorldManager.cpp */,
				297C1EAE21844A350066176A /* Tile.cpp */,
				297C1EB121844A9C0066176A /* Coord.cpp */,
				29FB9F5D21842B06004B209A /* PerlinNoise.hpp */,
				291BD5E52183EEDE00F0B3FA /* World.cpp */,
			);
			path = World;
			sourceTree = "<group>";
		};
		297C1EBA21845F2C0066176A /* Render */ = {
			isa = PBXGroup;
			children = (
				291BD5E82183F63C00F0B3FA /* Icon.cpp */,
			);
			path = Render;
			sourceTree = "<group>";
		};
		297C1EBB21845F510066176A /* Scene */ = {
			isa = PBXGroup;
			children = (
				297C1EB521844B270066176A /* WorldView.cpp */,
				297C1EB321844ADB0066176A /* Scene.cpp */,
				297C1EBD218460590066176A /* InspectorView.cpp */,
			);
			path = Scene;
			sourceTree = "<group>";
		};
		297C1EBC21845F5F0066176A /* Core */ = {
			isa = PBXGroup;
			children = (
				291BD5EB21840D7F00F0B3FA /* GameController.cpp */,
				291BD5EA2183F85400F0B3FA /* Civvy.hpp */,
			);
			path = Core;
			sourceTree = "<group>";
		};
/* End PBXGroup section */

/* Begin PBXNativeTarget section */
		291BD5D12183C57B00F0B3FA /* civvy */ = {
			isa = PBXNativeTarget;
			buildConfigurationList = 291BD5D92183C57B00F0B3FA /* Build configuration list for PBXNativeTarget "civvy" */;
			buildPhases = (
				291BD5CE2183C57B00F0B3FA /* Sources */,
				291BD5CF2183C57B00F0B3FA /* Frameworks */,
				291BD5D02183C57B00F0B3FA /* CopyFiles */,
			);
			buildRules = (
			);
			dependencies = (
			);
			name = civvy;
			productName = civvy;
			productReference = 291BD5D22183C57B00F0B3FA /* civvy */;
			productType = "com.apple.product-type.tool";
		};
/* End PBXNativeTarget section */

/* Begin PBXProject section */
		291BD5CA2183C57B00F0B3FA /* Project object */ = {
			isa = PBXProject;
			attributes = {
				LastUpgradeCheck = 1000;
				ORGANIZATIONNAME = "Jake Trefethen";
				TargetAttributes = {
					291BD5D12183C57B00F0B3FA = {
						CreatedOnToolsVersion = 10.0;
					};
				};
			};
			buildConfigurationList = 291BD5CD2183C57B00F0B3FA /* Build configuration list for PBXProject "civvy" */;
			compatibilityVersion = "Xcode 9.3";
			developmentRegion = en;
			hasScannedForEncodings = 0;
			knownRegions = (
				en,
			);
			mainGroup = 291BD5C92183C57B00F0B3FA;
			productRefGroup = 291BD5D32183C57B00F0B3FA /* Products */;
			projectDirPath = "";
			projectRoot = "";
			targets = (
				291BD5D12183C57B00F0B3FA /* civvy */,
			);
		};
/* End PBXProject section */

/* Begin PBXSourcesBuildPhase section */
		291BD5CE2183C57B00F0B3FA /* Sources */ = {
			isa = PBXSourcesBuildPhase;
			buildActionMask = 2147483647;
			files = (
				297C1EBE218460590066176A /* InspectorView.cpp in Sources */,
				297C1EB421844ADB0066176A /* Scene.cpp in Sources */,
				297C1EB621844B270066176A /* WorldView.cpp in Sources */,
				291BD5E72183EEDE00F0B3FA /* World.cpp in Sources */,
				297C1EB221844A9C0066176A /* Coord.cpp in Sources */,
				291BD5E92183F63C00F0B3FA /* Icon.cpp in Sources */,
				291BD5D62183C57B00F0B3FA /* main.cpp in Sources */,
				297C1EB8218457D60066176A /* WorldManager.cpp in Sources */,
				291BD5EC21840D7F00F0B3FA /* GameController.cpp in Sources */,
				297C1EB021844A350066176A /* Tile.cpp in Sources */,
			);
			runOnlyForDeploymentPostprocessing = 0;
		};
/* End PBXSourcesBuildPhase section */

/* Begin XCBuildConfiguration section */
		291BD5D72183C57B00F0B3FA /* Debug */ = {
			isa = XCBuildConfiguration;
			buildSettings = {
				ALWAYS_SEARCH_USER_PATHS = NO;
				CLANG_ANALYZER_NONNULL = YES;
				CLANG_ANALYZER_NUMBER_OBJECT_CONVERSION = YES_AGGRESSIVE;
				CLANG_CXX_LANGUAGE_STANDARD = "gnu++14";
				CLANG_CXX_LIBRARY = "libc++";
				CLANG_ENABLE_MODULES = YES;
				CLANG_ENABLE_OBJC_ARC = YES;
				CLANG_ENABLE_OBJC_WEAK = YES;
				CLANG_WARN_BLOCK_CAPTURE_AUTORELEASING = YES;
				CLANG_WARN_BOOL_CONVERSION = YES;
				CLANG_WARN_COMMA = YES;
				CLANG_WARN_CONSTANT_CONVERSION = YES;
				CLANG_WARN_DEPRECATED_OBJC_IMPLEMENTATIONS = YES;
				CLANG_WARN_DIRECT_OBJC_ISA_USAGE = YES_ERROR;
				CLANG_WARN_DOCUMENTATION_COMMENTS = YES;
				CLANG_WARN_EMPTY_BODY = YES;
				CLANG_WARN_ENUM_CONVERSION = YES;
				CLANG_WARN_INFINITE_RECURSION = YES;
				CLANG_WARN_INT_CONVERSION = YES;
				CLANG_WARN_NON_LITERAL_NULL_CONVERSION = YES;
				CLANG_WARN_OBJC_IMPLICIT_RETAIN_SELF = YES;
				CLANG_WARN_OBJC_LITERAL_CONVERSION = YES;
				CLANG_WARN_OBJC_ROOT_CLASS = YES_ERROR;
				CLANG_WARN_RANGE_LOOP_ANALYSIS = YES;
				CLANG_WARN_STRICT_PROTOTYPES = YES;
				CLANG_WARN_SUSPICIOUS_MOVE = YES;
				CLANG_WARN_UNGUARDED_AVAILABILITY = YES_AGGRESSIVE;
				CLANG_WARN_UNREACHABLE_CODE = YES;
				CLANG_WARN__DUPLICATE_METHOD_MATCH = YES;
				CODE_SIGN_IDENTITY = "-";
				COPY_PHASE_STRIP = NO;
				DEBUG_INFORMATION_FORMAT = dwarf;
				ENABLE_STRICT_OBJC_MSGSEND = YES;
				ENABLE_TESTABILITY = YES;
				GCC_C_LANGUAGE_STANDARD = gnu11;
				GCC_DYNAMIC_NO_PIC = NO;
				GCC_NO_COMMON_BLOCKS = YES;
				GCC_OPTIMIZATION_LEVEL = 0;
				GCC_PREPROCESSOR_DEFINITIONS = (
					"DEBUG=1",
					"$(inherited)",
				);
				GCC_WARN_64_TO_32_BIT_CONVERSION = YES;
				GCC_WARN_ABOUT_RETURN_TYPE = YES_ERROR;
				GCC_WARN_UNDECLARED_SELECTOR = YES;
				GCC_WARN_UNINITIALIZED_AUTOS = YES_AGGRESSIVE;
				GCC_WARN_UNUSED_FUNCTION = YES;
				GCC_WARN_UNUSED_VARIABLE = YES;
				MACOSX_DEPLOYMENT_TARGET = 10.14;
				MTL_ENABLE_DEBUG_INFO = INCLUDE_SOURCE;
				MTL_FAST_MATH = YES;
				ONLY_ACTIVE_ARCH = YES;
				SDKROOT = macosx;
			};
			name = Debug;
		};
		291BD5D82183C57B00F0B3FA /* Release */ = {
			isa = XCBuildConfiguration;
			buildSettings = {
				ALWAYS_SEARCH_USER_PATHS = NO;
				CLANG_ANALYZER_NONNULL = YES;
				CLANG_ANALYZER_NUMBER_OBJECT_CONVERSION = YES_AGGRESSIVE;
				CLANG_CXX_LANGUAGE_STANDARD = "gnu++14";
				CLANG_CXX_LIBRARY = "libc++";
				CLANG_ENABLE_MODULES = YES;
				CLANG_ENABLE_OBJC_ARC = YES;
				CLANG_ENABLE_OBJC_WEAK = YES;
				CLANG_WARN_BLOCK_CAPTURE_AUTORELEASING = YES;
				CLANG_WARN_BOOL_CONVERSION = YES;
				CLANG_WARN_COMMA = YES;
				CLANG_WARN_CONSTANT_CONVERSION = YES;
				CLANG_WARN_DEPRECATED_OBJC_IMPLEMENTATIONS = YES;
				CLANG_WARN_DIRECT_OBJC_ISA_USAGE = YES_ERROR;
				CLANG_WARN_DOCUMENTATION_COMMENTS = YES;
				CLANG_WARN_EMPTY_BODY = YES;
				CLANG_WARN_ENUM_CONVERSION = YES;
				CLANG_WARN_INFINITE_RECURSION = YES;
				CLANG_WARN_INT_CONVERSION = YES;
				CLANG_WARN_NON_LITERAL_NULL_CONVERSION = YES;
				CLANG_WARN_OBJC_IMPLICIT_RETAIN_SELF = YES;
				CLANG_WARN_OBJC_LITERAL_CONVERSION = YES;
				CLANG_WARN_OBJC_ROOT_CLASS = YES_ERROR;
				CLANG_WARN_RANGE_LOOP_ANALYSIS = YES;
				CLANG_WARN_STRICT_PROTOTYPES = YES;
				CLANG_WARN_SUSPICIOUS_MOVE = YES;
				CLANG_WARN_UNGUARDED_AVAILABILITY = YES_AGGRESSIVE;
				CLANG_WARN_UNREACHABLE_CODE = YES;
				CLANG_WARN__DUPLICATE_METHOD_MATCH = YES;
				CODE_SIGN_IDENTITY = "-";
				COPY_PHASE_STRIP = NO;
				DEBUG_INFORMATION_FORMAT = "dwarf-with-dsym";
				ENABLE_NS_ASSERTIONS = NO;
				ENABLE_STRICT_OBJC_MSGSEND = YES;
				GCC_C_LANGUAGE_STANDARD = gnu11;
				GCC_NO_COMMON_BLOCKS = YES;
				GCC_WARN_64_TO_32_BIT_CONVERSION = YES;
				GCC_WARN_ABOUT_RETURN_TYPE = YES_ERROR;
				GCC_WARN_UNDECLARED_SELECTOR = YES;
				GCC_WARN_UNINITIALIZED_AUTOS = YES_AGGRESSIVE;
				GCC_WARN_UNUSED_FUNCTION = YES;
				GCC_WARN_UNUSED_VARIABLE = YES;
				MACOSX_DEPLOYMENT_TARGET = 10.14;
				MTL_ENABLE_DEBUG_INFO = NO;
				MTL_FAST_MATH = YES;
				SDKROOT = macosx;
			};
			name = Release;
		};
		291BD5DA2183C57B00F0B3FA /* Debug */ = {
			isa = XCBuildConfiguration;
			buildSettings = {
				CODE_SIGN_STYLE = Automatic;
				CONFIGURATION_BUILD_DIR = /Users/trefethen/Desktop/civvy;
				CONFIGURATION_TEMP_DIR = /Users/trefethen/Desktop/civvy;
				HEADER_SEARCH_PATHS = /user/local/Cellar/ncurses/6.1/include;
				"HEADER_SEARCH_PATHS[arch=*]" = /usr/local/Cellar/ncurses/6.1/include;
				LIBRARY_SEARCH_PATHS = (
					"$(inherited)",
					/usr/local/Cellar/ncurses/6.1/lib,
				);
				PRODUCT_NAME = "$(TARGET_NAME)";
			};
			name = Debug;
		};
		291BD5DB2183C57B00F0B3FA /* Release */ = {
			isa = XCBuildConfiguration;
			buildSettings = {
				CODE_SIGN_STYLE = Automatic;
				CONFIGURATION_BUILD_DIR = /Users/trefethen/Desktop/civvy;
				CONFIGURATION_TEMP_DIR = /Users/trefethen/Desktop/civvy;
				HEADER_SEARCH_PATHS = /user/local/Cellar/ncurses/6.1/include;
				LIBRARY_SEARCH_PATHS = (
					"$(inherited)",
					/usr/local/Cellar/ncurses/6.1/lib,
				);
				PRODUCT_NAME = "$(TARGET_NAME)";
			};
			name = Release;
		};
/* End XCBuildConfiguration section */

/* Begin XCConfigurationList section */
		291BD5CD2183C57B00F0B3FA /* Build configuration list for PBXProject "civvy" */ = {
			isa = XCConfigurationList;
			buildConfigurations = (
				291BD5D72183C57B00F0B3FA /* Debug */,
				291BD5D82183C57B00F0B3FA /* Release */,
			);
			defaultConfigurationIsVisible = 0;
			defaultConfigurationName = Release;
		};
		291BD5D92183C57B00F0B3FA /* Build configuration list for PBXNativeTarget "civvy" */ = {
			isa = XCConfigurationList;
			buildConfigurations = (
				291BD5DA2183C57B00F0B3FA /* Debug */,
				291BD5DB2183C57B00F0B3FA /* Release */,
			);
			defaultConfigurationIsVisible = 0;
			defaultConfigurationName = Release;
		};
/* End XCConfigurationList section */
	};
	rootObject = 291BD5CA2183C57B00F0B3FA /* Project object */;
}
